
Microsoft Visual Studio Solution File, Format Version 12.00
# Visual Studio Version 16
VisualStudioVersion = 16.0.32510.428
MinimumVisualStudioVersion = 10.0.40219.1
Project("{FAE04EC0-301F-11D3-BF4B-00C04F79EFBC}") = "CineMagic", "CineMagic.csproj", "{07F24E31-2E94-4423-815C-95BD61E4FF5F}"
EndProject
Global
	GlobalSection(SolutionConfigurationPlatforms) = preSolution
		Debug|Any CPU = Debug|Any CPU
		Release|Any CPU = Release|Any CPU
	EndGlobalSection
	GlobalSection(ProjectConfigurationPlatforms) = postSolution
		{07F24E31-2E94-4423-815C-95BD61E4FF5F}.Debug|Any CPU.ActiveCfg = Debug|Any CPU
		{07F24E31-2E94-4423-815C-95BD61E4FF5F}.Debug|Any CPU.Build.0 = Debug|Any CPU
		{07F24E31-2E94-4423-815C-95BD61E4FF5F}.Release|Any CPU.ActiveCfg = Release|Any CPU
		{07F24E31-2E94-4423-815C-95BD61E4FF5F}.Release|Any CPU.Build.0 = Release|Any CPU
	EndGlobalSection
	GlobalSection(SolutionProperties) = preSolution
		HideSolutionNode = FALSE
	EndGlobalSection
	GlobalSection(ExtensibilityGlobals) = postSolution
		SolutionGuid = {56F4C9FC-2F68-42FD-BD80-EA2D31D72F31}
	EndGlobalSection
EndGlobal
